
Microsoft Visual Studio Solution File, Format Version 12.00
# Visual Studio 2012
Project("{8BC9CEB8-8B4A-11D0-8D11-00A0C91BC942}") = "Taylor", "Taylor.vcxproj", "{9C426939-47F5-47B1-866A-E77961164A67}"
EndProject
Global
	GlobalSection(SolutionConfigurationPlatforms) = preSolution
		Debug|Win32 = Debug|Win32
		Release|Win32 = Release|Win32
	EndGlobalSection
	GlobalSection(ProjectConfigurationPlatforms) = postSolution
		{9C426939-47F5-47B1-866A-E77961164A67}.Debug|Win32.ActiveCfg = Debug|Win32
		{9C426939-47F5-47B1-866A-E77961164A67}.Debug|Win32.Build.0 = Debug|Win32
		{9C426939-47F5-47B1-866A-E77961164A67}.Release|Win32.ActiveCfg = Release|Win32
		{9C426939-47F5-47B1-866A-E77961164A67}.Release|Win32.Build.0 = Release|Win32
	EndGlobalSection
	GlobalSection(SolutionProperties) = preSolution
		HideSolutionNode = FALSE
	EndGlobalSection
EndGlobal
