<?xml version="1.0" encoding="utf-8"?>
<Project ToolsVersion="4.0" xmlns="http://schemas.microsoft.com/developer/msbuild/2003">
  <ItemGroup>
    <Filter Include="src">
      <UniqueIdentifier>{e4f93804-5817-421a-b032-3ce6cde59062}</UniqueIdentifier>
    </Filter>
    <Filter Include="src\allegro">
      <UniqueIdentifier>{7e313b2f-993d-40bb-a123-80c57980c9fe}</UniqueIdentifier>
    </Filter>
    <Filter Include="include">
      <UniqueIdentifier>{c7382dba-17da-4eb8-baf5-b5b537fbc079}</UniqueIdentifier>
    </Filter>
    <Filter Include="include\internal">
      <UniqueIdentifier>{597d8495-b93e-499d-8ba1-37e06643f149}</UniqueIdentifier>
    </Filter>
  </ItemGroup>
  <ItemGroup>
    <ClCompile Include="..\..\src\allegro\alplay.c">
      <Filter>src\allegro</Filter>
    </ClCompile>
    <ClCompile Include="..\..\src\allegro\datduh.c">
      <Filter>src\allegro</Filter>
    </ClCompile>
    <ClCompile Include="..\..\src\allegro\datit.c">
      <Filter>src\allegro</Filter>
    </ClCompile>
    <ClCompile Include="..\..\src\allegro\datitq.c">
      <Filter>src\allegro</Filter>
    </ClCompile>
    <ClCompile Include="..\..\src\allegro\datmod.c">
      <Filter>src\allegro</Filter>
    </ClCompile>
    <ClCompile Include="..\..\src\allegro\datmodq.c">
      <Filter>src\allegro</Filter>
    </ClCompile>
    <ClCompile Include="..\..\src\allegro\dats3m.c">
      <Filter>src\allegro</Filter>
    </ClCompile>
    <ClCompile Include="..\..\src\allegro\dats3mq.c">
      <Filter>src\allegro</Filter>
    </ClCompile>
    <ClCompile Include="..\..\src\allegro\datunld.c">
      <Filter>src\allegro</Filter>
    </ClCompile>
    <ClCompile Include="..\..\src\allegro\datxm.c">
      <Filter>src\allegro</Filter>
    </ClCompile>
    <ClCompile Include="..\..\src\allegro\datxmq.c">
      <Filter>src\allegro</Filter>
    </ClCompile>
    <ClCompile Include="..\..\src\allegro\packfile.c">
      <Filter>src\allegro</Filter>
    </ClCompile>
  </ItemGroup>
  <ItemGroup>
    <ClInclude Include="..\..\include\internal\aldumb.h">
      <Filter>include\internal</Filter>
    </ClInclude>
    <ClInclude Include="..\..\include\aldumb.h">
      <Filter>include</Filter>
    </ClInclude>
  </ItemGroup>
</Project>